
Microsoft Visual Studio Solution File, Format Version 12.00
# Visual Studio Version 17
VisualStudioVersion = 17.10.35027.167
MinimumVisualStudioVersion = 10.0.40219.1
Project("{2150E333-8FDC-42A3-9474-1A3956D46DE8}") = "Services", "Services", "{62959155-365B-40A8-9FB9-EEDB50DAA741}"
EndProject
Project("{2150E333-8FDC-42A3-9474-1A3956D46DE8}") = "Catalogue", "Catalogue", "{82862740-AE0C-44ED-881E-595227ACF056}"
EndProject
Project("{9A19103F-16F7-4668-BE54-9A1E7A4F7556}") = "Catalogue.Api", "src\Services\Catalogue\Catalogue.Api\Catalogue.Api.csproj", "{8C9FE2E5-6617-4E7A-B7DD-FCFE22CD0B7A}"
EndProject
Project("{2150E333-8FDC-42A3-9474-1A3956D46DE8}") = "BuildingBlocks", "BuildingBlocks", "{F494B67F-D428-4025-8E35-8EB026CD9786}"
EndProject
Project("{9A19103F-16F7-4668-BE54-9A1E7A4F7556}") = "BuildingBlocks", "src\BuildingBlocks\BuildingBlocks\BuildingBlocks.csproj", "{1BF51493-2823-41F7-A0DD-F9ABEB6C598A}"
EndProject
Project("{E53339B2-1760-4266-BCC7-CA923CBCF16C}") = "docker-compose", "docker-compose.dcproj", "{B859F68A-86F2-46A7-B239-E092D0DE0183}"
EndProject
Global
	GlobalSection(SolutionConfigurationPlatforms) = preSolution
		Debug|Any CPU = Debug|Any CPU
		Release|Any CPU = Release|Any CPU
	EndGlobalSection
	GlobalSection(ProjectConfigurationPlatforms) = postSolution
		{8C9FE2E5-6617-4E7A-B7DD-FCFE22CD0B7A}.Debug|Any CPU.ActiveCfg = Debug|Any CPU
		{8C9FE2E5-6617-4E7A-B7DD-FCFE22CD0B7A}.Debug|Any CPU.Build.0 = Debug|Any CPU
		{8C9FE2E5-6617-4E7A-B7DD-FCFE22CD0B7A}.Release|Any CPU.ActiveCfg = Release|Any CPU
		{8C9FE2E5-6617-4E7A-B7DD-FCFE22CD0B7A}.Release|Any CPU.Build.0 = Release|Any CPU
		{1BF51493-2823-41F7-A0DD-F9ABEB6C598A}.Debug|Any CPU.ActiveCfg = Debug|Any CPU
		{1BF51493-2823-41F7-A0DD-F9ABEB6C598A}.Debug|Any CPU.Build.0 = Debug|Any CPU
		{1BF51493-2823-41F7-A0DD-F9ABEB6C598A}.Release|Any CPU.ActiveCfg = Release|Any CPU
		{1BF51493-2823-41F7-A0DD-F9ABEB6C598A}.Release|Any CPU.Build.0 = Release|Any CPU
		{B859F68A-86F2-46A7-B239-E092D0DE0183}.Debug|Any CPU.ActiveCfg = Debug|Any CPU
		{B859F68A-86F2-46A7-B239-E092D0DE0183}.Debug|Any CPU.Build.0 = Debug|Any CPU
		{B859F68A-86F2-46A7-B239-E092D0DE0183}.Release|Any CPU.ActiveCfg = Release|Any CPU
		{B859F68A-86F2-46A7-B239-E092D0DE0183}.Release|Any CPU.Build.0 = Release|Any CPU
	EndGlobalSection
	GlobalSection(SolutionProperties) = preSolution
		HideSolutionNode = FALSE
	EndGlobalSection
	GlobalSection(NestedProjects) = preSolution
		{82862740-AE0C-44ED-881E-595227ACF056} = {62959155-365B-40A8-9FB9-EEDB50DAA741}
		{8C9FE2E5-6617-4E7A-B7DD-FCFE22CD0B7A} = {82862740-AE0C-44ED-881E-595227ACF056}
		{1BF51493-2823-41F7-A0DD-F9ABEB6C598A} = {F494B67F-D428-4025-8E35-8EB026CD9786}
	EndGlobalSection
	GlobalSection(ExtensibilityGlobals) = postSolution
		SolutionGuid = {9B094CE5-3824-412A-876D-ECD0BCB99A92}
	EndGlobalSection
EndGlobal
