
Microsoft Visual Studio Solution File, Format Version 12.00
# Visual Studio Version 17
VisualStudioVersion = 17.10.35027.167
MinimumVisualStudioVersion = 10.0.40219.1
Project("{2150E333-8FDC-42A3-9474-1A3956D46DE8}") = "Services", "Services", "{62959155-365B-40A8-9FB9-EEDB50DAA741}"
EndProject
Project("{2150E333-8FDC-42A3-9474-1A3956D46DE8}") = "Catalogue", "Catalogue", "{82862740-AE0C-44ED-881E-595227ACF056}"
EndProject
Project("{9A19103F-16F7-4668-BE54-9A1E7A4F7556}") = "Catalogue.Api", "src\Services\Catalogue\Catalogue.Api\Catalogue.Api.csproj", "{8C9FE2E5-6617-4E7A-B7DD-FCFE22CD0B7A}"
EndProject
Project("{2150E333-8FDC-42A3-9474-1A3956D46DE8}") = "BuildingBlocks", "BuildingBlocks", "{F494B67F-D428-4025-8E35-8EB026CD9786}"
EndProject
Project("{9A19103F-16F7-4668-BE54-9A1E7A4F7556}") = "BuildingBlocks", "src\BuildingBlocks\BuildingBlocks\BuildingBlocks.csproj", "{1BF51493-2823-41F7-A0DD-F9ABEB6C598A}"
EndProject
Project("{E53339B2-1760-4266-BCC7-CA923CBCF16C}") = "docker-compose", "docker-compose.dcproj", "{B859F68A-86F2-46A7-B239-E092D0DE0183}"
EndProject
Project("{2150E333-8FDC-42A3-9474-1A3956D46DE8}") = "Basket", "Basket", "{7D8600A1-99F5-40AA-8F98-0FBF803204FD}"
EndProject
Project("{FAE04EC0-301F-11D3-BF4B-00C04F79EFBC}") = "Basket.Api", "src\Services\Basket\Basket.API\Basket.Api.csproj", "{BFCFC6AB-4D20-4E46-B6FD-A58A2121250B}"
EndProject
Project("{2150E333-8FDC-42A3-9474-1A3956D46DE8}") = "Discount", "Discount", "{9DB2FB15-E7EC-42D0-9559-E43C1EDE5535}"
EndProject
Project("{FAE04EC0-301F-11D3-BF4B-00C04F79EFBC}") = "Discount.Grpc", "src\Services\Discount\Discount.Grpc\Discount.Grpc.csproj", "{96DBC7B3-7A35-4540-B6A5-027D05BC5C45}"
EndProject
Project("{2150E333-8FDC-42A3-9474-1A3956D46DE8}") = "Ordering", "Ordering", "{32C4D17D-9C62-4923-B111-8CBFB31C6241}"
EndProject
Project("{FAE04EC0-301F-11D3-BF4B-00C04F79EFBC}") = "Ordering.Api", "src\Services\Ordering\Ordering.Api\Ordering.Api.csproj", "{6CE8C473-289E-45E0-B96F-54D02F7F43EB}"
EndProject
Project("{FAE04EC0-301F-11D3-BF4B-00C04F79EFBC}") = "Ordering.Domain", "src\Services\Ordering\Ordering.Domain\Ordering.Domain.csproj", "{FD1EF460-C95D-4BFA-B282-D5E9945A19FA}"
EndProject
Project("{FAE04EC0-301F-11D3-BF4B-00C04F79EFBC}") = "Ordering.Application", "src\Services\Ordering\Ordering.Application\Ordering.Application.csproj", "{72EB9F6B-4C9A-498E-B3AC-214FE399D573}"
EndProject
Project("{FAE04EC0-301F-11D3-BF4B-00C04F79EFBC}") = "Ordering.Infrastructure", "src\Services\Ordering\Ordering.Infrastructure\Ordering.Infrastructure.csproj", "{657111A0-4074-4416-96F6-570F88ED13EB}"
EndProject
Global
	GlobalSection(SolutionConfigurationPlatforms) = preSolution
		Debug|Any CPU = Debug|Any CPU
		Release|Any CPU = Release|Any CPU
	EndGlobalSection
	GlobalSection(ProjectConfigurationPlatforms) = postSolution
		{8C9FE2E5-6617-4E7A-B7DD-FCFE22CD0B7A}.Debug|Any CPU.ActiveCfg = Debug|Any CPU
		{8C9FE2E5-6617-4E7A-B7DD-FCFE22CD0B7A}.Debug|Any CPU.Build.0 = Debug|Any CPU
		{8C9FE2E5-6617-4E7A-B7DD-FCFE22CD0B7A}.Release|Any CPU.ActiveCfg = Release|Any CPU
		{8C9FE2E5-6617-4E7A-B7DD-FCFE22CD0B7A}.Release|Any CPU.Build.0 = Release|Any CPU
		{1BF51493-2823-41F7-A0DD-F9ABEB6C598A}.Debug|Any CPU.ActiveCfg = Debug|Any CPU
		{1BF51493-2823-41F7-A0DD-F9ABEB6C598A}.Debug|Any CPU.Build.0 = Debug|Any CPU
		{1BF51493-2823-41F7-A0DD-F9ABEB6C598A}.Release|Any CPU.ActiveCfg = Release|Any CPU
		{1BF51493-2823-41F7-A0DD-F9ABEB6C598A}.Release|Any CPU.Build.0 = Release|Any CPU
		{B859F68A-86F2-46A7-B239-E092D0DE0183}.Debug|Any CPU.ActiveCfg = Debug|Any CPU
		{B859F68A-86F2-46A7-B239-E092D0DE0183}.Debug|Any CPU.Build.0 = Debug|Any CPU
		{B859F68A-86F2-46A7-B239-E092D0DE0183}.Release|Any CPU.ActiveCfg = Release|Any CPU
		{B859F68A-86F2-46A7-B239-E092D0DE0183}.Release|Any CPU.Build.0 = Release|Any CPU
		{BFCFC6AB-4D20-4E46-B6FD-A58A2121250B}.Debug|Any CPU.ActiveCfg = Debug|Any CPU
		{BFCFC6AB-4D20-4E46-B6FD-A58A2121250B}.Debug|Any CPU.Build.0 = Debug|Any CPU
		{BFCFC6AB-4D20-4E46-B6FD-A58A2121250B}.Release|Any CPU.ActiveCfg = Release|Any CPU
		{BFCFC6AB-4D20-4E46-B6FD-A58A2121250B}.Release|Any CPU.Build.0 = Release|Any CPU
		{96DBC7B3-7A35-4540-B6A5-027D05BC5C45}.Debug|Any CPU.ActiveCfg = Debug|Any CPU
		{96DBC7B3-7A35-4540-B6A5-027D05BC5C45}.Debug|Any CPU.Build.0 = Debug|Any CPU
		{96DBC7B3-7A35-4540-B6A5-027D05BC5C45}.Release|Any CPU.ActiveCfg = Release|Any CPU
		{96DBC7B3-7A35-4540-B6A5-027D05BC5C45}.Release|Any CPU.Build.0 = Release|Any CPU
		{6CE8C473-289E-45E0-B96F-54D02F7F43EB}.Debug|Any CPU.ActiveCfg = Debug|Any CPU
		{6CE8C473-289E-45E0-B96F-54D02F7F43EB}.Debug|Any CPU.Build.0 = Debug|Any CPU
		{6CE8C473-289E-45E0-B96F-54D02F7F43EB}.Release|Any CPU.ActiveCfg = Release|Any CPU
		{6CE8C473-289E-45E0-B96F-54D02F7F43EB}.Release|Any CPU.Build.0 = Release|Any CPU
		{FD1EF460-C95D-4BFA-B282-D5E9945A19FA}.Debug|Any CPU.ActiveCfg = Debug|Any CPU
		{FD1EF460-C95D-4BFA-B282-D5E9945A19FA}.Debug|Any CPU.Build.0 = Debug|Any CPU
		{FD1EF460-C95D-4BFA-B282-D5E9945A19FA}.Release|Any CPU.ActiveCfg = Release|Any CPU
		{FD1EF460-C95D-4BFA-B282-D5E9945A19FA}.Release|Any CPU.Build.0 = Release|Any CPU
		{72EB9F6B-4C9A-498E-B3AC-214FE399D573}.Debug|Any CPU.ActiveCfg = Debug|Any CPU
		{72EB9F6B-4C9A-498E-B3AC-214FE399D573}.Debug|Any CPU.Build.0 = Debug|Any CPU
		{72EB9F6B-4C9A-498E-B3AC-214FE399D573}.Release|Any CPU.ActiveCfg = Release|Any CPU
		{72EB9F6B-4C9A-498E-B3AC-214FE399D573}.Release|Any CPU.Build.0 = Release|Any CPU
		{657111A0-4074-4416-96F6-570F88ED13EB}.Debug|Any CPU.ActiveCfg = Debug|Any CPU
		{657111A0-4074-4416-96F6-570F88ED13EB}.Debug|Any CPU.Build.0 = Debug|Any CPU
		{657111A0-4074-4416-96F6-570F88ED13EB}.Release|Any CPU.ActiveCfg = Release|Any CPU
		{657111A0-4074-4416-96F6-570F88ED13EB}.Release|Any CPU.Build.0 = Release|Any CPU
	EndGlobalSection
	GlobalSection(SolutionProperties) = preSolution
		HideSolutionNode = FALSE
	EndGlobalSection
	GlobalSection(NestedProjects) = preSolution
		{82862740-AE0C-44ED-881E-595227ACF056} = {62959155-365B-40A8-9FB9-EEDB50DAA741}
		{8C9FE2E5-6617-4E7A-B7DD-FCFE22CD0B7A} = {82862740-AE0C-44ED-881E-595227ACF056}
		{1BF51493-2823-41F7-A0DD-F9ABEB6C598A} = {F494B67F-D428-4025-8E35-8EB026CD9786}
		{7D8600A1-99F5-40AA-8F98-0FBF803204FD} = {62959155-365B-40A8-9FB9-EEDB50DAA741}
		{BFCFC6AB-4D20-4E46-B6FD-A58A2121250B} = {7D8600A1-99F5-40AA-8F98-0FBF803204FD}
		{9DB2FB15-E7EC-42D0-9559-E43C1EDE5535} = {62959155-365B-40A8-9FB9-EEDB50DAA741}
		{96DBC7B3-7A35-4540-B6A5-027D05BC5C45} = {9DB2FB15-E7EC-42D0-9559-E43C1EDE5535}
		{32C4D17D-9C62-4923-B111-8CBFB31C6241} = {62959155-365B-40A8-9FB9-EEDB50DAA741}
		{6CE8C473-289E-45E0-B96F-54D02F7F43EB} = {32C4D17D-9C62-4923-B111-8CBFB31C6241}
		{FD1EF460-C95D-4BFA-B282-D5E9945A19FA} = {32C4D17D-9C62-4923-B111-8CBFB31C6241}
		{72EB9F6B-4C9A-498E-B3AC-214FE399D573} = {32C4D17D-9C62-4923-B111-8CBFB31C6241}
		{657111A0-4074-4416-96F6-570F88ED13EB} = {32C4D17D-9C62-4923-B111-8CBFB31C6241}
	EndGlobalSection
	GlobalSection(ExtensibilityGlobals) = postSolution
		SolutionGuid = {9B094CE5-3824-412A-876D-ECD0BCB99A92}
	EndGlobalSection
EndGlobal
