
Microsoft Visual Studio Solution File, Format Version 12.00
# Visual Studio Version 17
VisualStudioVersion = 17.10.34916.146
MinimumVisualStudioVersion = 10.0.40219.1
Project("{9A19103F-16F7-4668-BE54-9A1E7A4F7556}") = "TodoApi", "TodoApi\TodoApi.csproj", "{7EBB3926-4018-4A3B-B26B-6EECFC67F7A7}"
EndProject
Project("{9A19103F-16F7-4668-BE54-9A1E7A4F7556}") = "TodoApi.Test", "TodoApi.Test\TodoApi.Test.csproj", "{22D090AA-15DF-45F7-B2CF-F131349F6490}"
EndProject
Global
	GlobalSection(SolutionConfigurationPlatforms) = preSolution
		Debug|Any CPU = Debug|Any CPU
		Release|Any CPU = Release|Any CPU
	EndGlobalSection
	GlobalSection(ProjectConfigurationPlatforms) = postSolution
		{7EBB3926-4018-4A3B-B26B-6EECFC67F7A7}.Debug|Any CPU.ActiveCfg = Debug|Any CPU
		{7EBB3926-4018-4A3B-B26B-6EECFC67F7A7}.Debug|Any CPU.Build.0 = Debug|Any CPU
		{7EBB3926-4018-4A3B-B26B-6EECFC67F7A7}.Release|Any CPU.ActiveCfg = Release|Any CPU
		{7EBB3926-4018-4A3B-B26B-6EECFC67F7A7}.Release|Any CPU.Build.0 = Release|Any CPU
		{22D090AA-15DF-45F7-B2CF-F131349F6490}.Debug|Any CPU.ActiveCfg = Debug|Any CPU
		{22D090AA-15DF-45F7-B2CF-F131349F6490}.Debug|Any CPU.Build.0 = Debug|Any CPU
		{22D090AA-15DF-45F7-B2CF-F131349F6490}.Release|Any CPU.ActiveCfg = Release|Any CPU
		{22D090AA-15DF-45F7-B2CF-F131349F6490}.Release|Any CPU.Build.0 = Release|Any CPU
	EndGlobalSection
	GlobalSection(SolutionProperties) = preSolution
		HideSolutionNode = FALSE
	EndGlobalSection
	GlobalSection(ExtensibilityGlobals) = postSolution
		SolutionGuid = {4E68B529-665D-4D6F-8BA8-546967F4F4C2}
	EndGlobalSection
EndGlobal
